
Microsoft Visual Studio Solution File, Format Version 12.00
# Visual Studio Version 17
VisualStudioVersion = 17.9.34714.143
MinimumVisualStudioVersion = 10.0.40219.1
Project("{FAE04EC0-301F-11D3-BF4B-00C04F79EFBC}") = "BoardFormat", "BoardFormat\BoardFormat.csproj", "{F3995EA4-1A2D-4298-8BEE-087123446301}"
EndProject
Global
	GlobalSection(SolutionConfigurationPlatforms) = preSolution
		Debug|Any CPU = Debug|Any CPU
		Release|Any CPU = Release|Any CPU
	EndGlobalSection
	GlobalSection(ProjectConfigurationPlatforms) = postSolution
		{F3995EA4-1A2D-4298-8BEE-087123446301}.Debug|Any CPU.ActiveCfg = Debug|Any CPU
		{F3995EA4-1A2D-4298-8BEE-087123446301}.Debug|Any CPU.Build.0 = Debug|Any CPU
		{F3995EA4-1A2D-4298-8BEE-087123446301}.Debug|Any CPU.Deploy.0 = Debug|Any CPU
		{F3995EA4-1A2D-4298-8BEE-087123446301}.Release|Any CPU.ActiveCfg = Release|Any CPU
		{F3995EA4-1A2D-4298-8BEE-087123446301}.Release|Any CPU.Build.0 = Release|Any CPU
		{F3995EA4-1A2D-4298-8BEE-087123446301}.Release|Any CPU.Deploy.0 = Release|Any CPU
	EndGlobalSection
	GlobalSection(SolutionProperties) = preSolution
		HideSolutionNode = FALSE
	EndGlobalSection
	GlobalSection(ExtensibilityGlobals) = postSolution
		SolutionGuid = {5314B4DB-CCED-4E2C-B9C3-DE525310C0D2}
	EndGlobalSection
EndGlobal
